
Microsoft Visual Studio Solution File, Format Version 12.00
Project("{FAE04EC0-301F-11D3-BF4B-00C04F79EFBC}") = "ConsultaPeso", "ConsultaPeso\ConsultaPeso.csproj", "{F9EC2E21-B8DE-47A7-83E5-1E6A07B62255}"
EndProject
Global
	GlobalSection(SolutionConfigurationPlatforms) = preSolution
		Debug|Any CPU = Debug|Any CPU
		Release|Any CPU = Release|Any CPU
	EndGlobalSection
	GlobalSection(ProjectConfigurationPlatforms) = postSolution
		{F9EC2E21-B8DE-47A7-83E5-1E6A07B62255}.Debug|Any CPU.ActiveCfg = Debug|Any CPU
		{F9EC2E21-B8DE-47A7-83E5-1E6A07B62255}.Debug|Any CPU.Build.0 = Debug|Any CPU
		{F9EC2E21-B8DE-47A7-83E5-1E6A07B62255}.Release|Any CPU.ActiveCfg = Release|Any CPU
		{F9EC2E21-B8DE-47A7-83E5-1E6A07B62255}.Release|Any CPU.Build.0 = Release|Any CPU
	EndGlobalSection
EndGlobal
